
Microsoft Visual Studio Solution File, Format Version 12.00
# Visual Studio Version 17
VisualStudioVersion = 17.10.35027.167
MinimumVisualStudioVersion = 10.0.40219.1
Project("{9A19103F-16F7-4668-BE54-9A1E7A4F7556}") = "BookRateNetCore.Server", "BookRateNetCore\Server\BookRateNetCore.Server.csproj", "{90B3310F-0F05-4BD4-BD4A-E95EDFBE8D58}"
EndProject
Project("{9A19103F-16F7-4668-BE54-9A1E7A4F7556}") = "BookRateNetCore.Client", "BookRateNetCore\Client\BookRateNetCore.Client.csproj", "{19C15531-8C27-4635-A352-31A40272D358}"
EndProject
Project("{9A19103F-16F7-4668-BE54-9A1E7A4F7556}") = "BookRateNetCore.Shared", "BookRateNetCore\Shared\BookRateNetCore.Shared.csproj", "{6214F49B-C67C-4B11-ADCE-65D5EEF5E0D2}"
EndProject
Global
	GlobalSection(SolutionConfigurationPlatforms) = preSolution
		Debug|Any CPU = Debug|Any CPU
		Release|Any CPU = Release|Any CPU
	EndGlobalSection
	GlobalSection(ProjectConfigurationPlatforms) = postSolution
		{90B3310F-0F05-4BD4-BD4A-E95EDFBE8D58}.Debug|Any CPU.ActiveCfg = Debug|Any CPU
		{90B3310F-0F05-4BD4-BD4A-E95EDFBE8D58}.Debug|Any CPU.Build.0 = Debug|Any CPU
		{90B3310F-0F05-4BD4-BD4A-E95EDFBE8D58}.Release|Any CPU.ActiveCfg = Release|Any CPU
		{90B3310F-0F05-4BD4-BD4A-E95EDFBE8D58}.Release|Any CPU.Build.0 = Release|Any CPU
		{19C15531-8C27-4635-A352-31A40272D358}.Debug|Any CPU.ActiveCfg = Debug|Any CPU
		{19C15531-8C27-4635-A352-31A40272D358}.Debug|Any CPU.Build.0 = Debug|Any CPU
		{19C15531-8C27-4635-A352-31A40272D358}.Release|Any CPU.ActiveCfg = Release|Any CPU
		{19C15531-8C27-4635-A352-31A40272D358}.Release|Any CPU.Build.0 = Release|Any CPU
		{6214F49B-C67C-4B11-ADCE-65D5EEF5E0D2}.Debug|Any CPU.ActiveCfg = Debug|Any CPU
		{6214F49B-C67C-4B11-ADCE-65D5EEF5E0D2}.Debug|Any CPU.Build.0 = Debug|Any CPU
		{6214F49B-C67C-4B11-ADCE-65D5EEF5E0D2}.Release|Any CPU.ActiveCfg = Release|Any CPU
		{6214F49B-C67C-4B11-ADCE-65D5EEF5E0D2}.Release|Any CPU.Build.0 = Release|Any CPU
	EndGlobalSection
	GlobalSection(SolutionProperties) = preSolution
		HideSolutionNode = FALSE
	EndGlobalSection
	GlobalSection(ExtensibilityGlobals) = postSolution
		SolutionGuid = {56FA9019-8C7C-463B-B7E4-051B6088A141}
	EndGlobalSection
EndGlobal
